
Microsoft Visual Studio Solution File, Format Version 12.00
# Visual Studio Version 17
VisualStudioVersion = 17.9.34622.214
MinimumVisualStudioVersion = 10.0.40219.1
Project("{FAE04EC0-301F-11D3-BF4B-00C04F79EFBC}") = "CardFramework.maui", "CardFramework.maui\CardFramework.maui.csproj", "{E1E83DBB-6481-46D9-84CF-617223290B61}"
EndProject
Global
	GlobalSection(SolutionConfigurationPlatforms) = preSolution
		Debug|Any CPU = Debug|Any CPU
		Release|Any CPU = Release|Any CPU
	EndGlobalSection
	GlobalSection(ProjectConfigurationPlatforms) = postSolution
		{E1E83DBB-6481-46D9-84CF-617223290B61}.Debug|Any CPU.ActiveCfg = Debug|Any CPU
		{E1E83DBB-6481-46D9-84CF-617223290B61}.Debug|Any CPU.Build.0 = Debug|Any CPU
		{E1E83DBB-6481-46D9-84CF-617223290B61}.Release|Any CPU.ActiveCfg = Release|Any CPU
		{E1E83DBB-6481-46D9-84CF-617223290B61}.Release|Any CPU.Build.0 = Release|Any CPU
	EndGlobalSection
	GlobalSection(SolutionProperties) = preSolution
		HideSolutionNode = FALSE
	EndGlobalSection
	GlobalSection(ExtensibilityGlobals) = postSolution
		SolutionGuid = {BE3ACBE9-0D47-46F7-8287-F6B3C8AF0BC4}
	EndGlobalSection
EndGlobal
